// !$*UTF8*$!
{
	archiveVersion = 1;
	classes = {
	};
	objectVersion = 50;
	objects = {

/* Begin PBXBuildFile section */
		09500613FC39B73C68FA8433 /* Pods_MyUniversalApp_MyUniversalAppUITests.framework in Frameworks */ = {isa = PBXBuildFile; fileRef = AB7489D58835B4B3506C9452 /* Pods_MyUniversalApp_MyUniversalAppUITests.framework */; };
		29DCA6CCC0863D952BFC9350 /* Pods_MyUniversalAppTests.framework in Frameworks */ = {isa = PBXBuildFile; fileRef = 05D3FF2C34EF1FCBDED8D447 /* Pods_MyUniversalAppTests.framework */; };
		2D407679222F3F75D67851D4 /* Pods_MyUniversalApp.framework in Frameworks */ = {isa = PBXBuildFile; fileRef = AEDC547ABC65E0F2662DC7D3 /* Pods_MyUniversalApp.framework */; };
		4660EE0623D563060095D97E /* AppDelegate.swift in Sources */ = {isa = PBXBuildFile; fileRef = 4660EE0523D563060095D97E /* AppDelegate.swift */; };
		4660EE0823D563060095D97E /* ViewController.swift in Sources */ = {isa = PBXBuildFile; fileRef = 4660EE0723D563060095D97E /* ViewController.swift */; };
		4660EE0B23D563060095D97E /* Main.storyboard in Resources */ = {isa = PBXBuildFile; fileRef = 4660EE0923D563060095D97E /* Main.storyboard */; };
		4660EE0D23D563070095D97E /* Assets.xcassets in Resources */ = {isa = PBXBuildFile; fileRef = 4660EE0C23D563070095D97E /* Assets.xcassets */; };
		4660EE1023D563070095D97E /* LaunchScreen.storyboard in Resources */ = {isa = PBXBuildFile; fileRef = 4660EE0E23D563070095D97E /* LaunchScreen.storyboard */; };
		4660EE1B23D563070095D97E /* MyUniversalAppTests.swift in Sources */ = {isa = PBXBuildFile; fileRef = 4660EE1A23D563070095D97E /* MyUniversalAppTests.swift */; };
		4660EE2623D563080095D97E /* MyUniversalAppUITests.swift in Sources */ = {isa = PBXBuildFile; fileRef = 4660EE2523D563080095D97E /* MyUniversalAppUITests.swift */; };
/* End PBXBuildFile section */

/* Begin PBXContainerItemProxy section */
		4660EE1723D563070095D97E /* PBXContainerItemProxy */ = {
			isa = PBXContainerItemProxy;
			containerPortal = 4660EDFA23D563060095D97E /* Project object */;
			proxyType = 1;
			remoteGlobalIDString = 4660EE0123D563060095D97E;
			remoteInfo = MyUniversalApp;
		};
		4660EE2223D563080095D97E /* PBXContainerItemProxy */ = {
			isa = PBXContainerItemProxy;
			containerPortal = 4660EDFA23D563060095D97E /* Project object */;
			proxyType = 1;
			remoteGlobalIDString = 4660EE0123D563060095D97E;
			remoteInfo = MyUniversalApp;
		};
/* End PBXContainerItemProxy section */

/* Begin PBXFileReference section */
		05D3FF2C34EF1FCBDED8D447 /* Pods_MyUniversalAppTests.framework */ = {isa = PBXFileReference; explicitFileType = wrapper.framework; includeInIndex = 0; path = Pods_MyUniversalAppTests.framework; sourceTree = BUILT_PRODUCTS_DIR; };
		1360B3A6C133F6CC116E9F2D /* Pods-MyUniversalApp-MyUniversalAppUITests.debug.xcconfig */ = {isa = PBXFileReference; includeInIndex = 1; lastKnownFileType = text.xcconfig; name = "Pods-MyUniversalApp-MyUniversalAppUITests.debug.xcconfig"; path = "Target Support Files/Pods-MyUniversalApp-MyUniversalAppUITests/Pods-MyUniversalApp-MyUniversalAppUITests.debug.xcconfig"; sourceTree = "<group>"; };
		2D34461FFA14740C189C0267 /* Pods-MyUniversalAppTests.debug.xcconfig */ = {isa = PBXFileReference; includeInIndex = 1; lastKnownFileType = text.xcconfig; name = "Pods-MyUniversalAppTests.debug.xcconfig"; path = "Target Support Files/Pods-MyUniversalAppTests/Pods-MyUniversalAppTests.debug.xcconfig"; sourceTree = "<group>"; };
		4660EE0223D563060095D97E /* MyUniversalApp.app */ = {isa = PBXFileReference; explicitFileType = wrapper.application; includeInIndex = 0; path = MyUniversalApp.app; sourceTree = BUILT_PRODUCTS_DIR; };
		4660EE0523D563060095D97E /* AppDelegate.swift */ = {isa = PBXFileReference; lastKnownFileType = sourcecode.swift; path = AppDelegate.swift; sourceTree = "<group>"; };
		4660EE0723D563060095D97E /* ViewController.swift */ = {isa = PBXFileReference; lastKnownFileType = sourcecode.swift; path = ViewController.swift; sourceTree = "<group>"; };
		4660EE0A23D563060095D97E /* Base */ = {isa = PBXFileReference; lastKnownFileType = file.storyboard; name = Base; path = Base.lproj/Main.storyboard; sourceTree = "<group>"; };
		4660EE0C23D563070095D97E /* Assets.xcassets */ = {isa = PBXFileReference; lastKnownFileType = folder.assetcatalog; path = Assets.xcassets; sourceTree = "<group>"; };
		4660EE0F23D563070095D97E /* Base */ = {isa = PBXFileReference; lastKnownFileType = file.storyboard; name = Base; path = Base.lproj/LaunchScreen.storyboard; sourceTree = "<group>"; };
		4660EE1123D563070095D97E /* Info.plist */ = {isa = PBXFileReference; lastKnownFileType = text.plist.xml; path = Info.plist; sourceTree = "<group>"; };
		4660EE1623D563070095D97E /* MyUniversalAppTests.xctest */ = {isa = PBXFileReference; explicitFileType = wrapper.cfbundle; includeInIndex = 0; path = MyUniversalAppTests.xctest; sourceTree = BUILT_PRODUCTS_DIR; };
		4660EE1A23D563070095D97E /* MyUniversalAppTests.swift */ = {isa = PBXFileReference; lastKnownFileType = sourcecode.swift; path = MyUniversalAppTests.swift; sourceTree = "<group>"; };
		4660EE1C23D563080095D97E /* Info.plist */ = {isa = PBXFileReference; lastKnownFileType = text.plist.xml; path = Info.plist; sourceTree = "<group>"; };
		4660EE2123D563080095D97E /* MyUniversalAppUITests.xctest */ = {isa = PBXFileReference; explicitFileType = wrapper.cfbundle; includeInIndex = 0; path = MyUniversalAppUITests.xctest; sourceTree = BUILT_PRODUCTS_DIR; };
		4660EE2523D563080095D97E /* MyUniversalAppUITests.swift */ = {isa = PBXFileReference; lastKnownFileType = sourcecode.swift; path = MyUniversalAppUITests.swift; sourceTree = "<group>"; };
		4660EE2723D563080095D97E /* Info.plist */ = {isa = PBXFileReference; lastKnownFileType = text.plist.xml; path = Info.plist; sourceTree = "<group>"; };
		84552A89617D71A623654DDD /* Pods-MyUniversalApp-MyUniversalAppUITests.release.xcconfig */ = {isa = PBXFileReference; includeInIndex = 1; lastKnownFileType = text.xcconfig; name = "Pods-MyUniversalApp-MyUniversalAppUITests.release.xcconfig"; path = "Target Support Files/Pods-MyUniversalApp-MyUniversalAppUITests/Pods-MyUniversalApp-MyUniversalAppUITests.release.xcconfig"; sourceTree = "<group>"; };
		884109DB9C8EDA33EB5A81DE /* Pods-MyUniversalApp.debug.xcconfig */ = {isa = PBXFileReference; includeInIndex = 1; lastKnownFileType = text.xcconfig; name = "Pods-MyUniversalApp.debug.xcconfig"; path = "Target Support Files/Pods-MyUniversalApp/Pods-MyUniversalApp.debug.xcconfig"; sourceTree = "<group>"; };
		AB7489D58835B4B3506C9452 /* Pods_MyUniversalApp_MyUniversalAppUITests.framework */ = {isa = PBXFileReference; explicitFileType = wrapper.framework; includeInIndex = 0; path = Pods_MyUniversalApp_MyUniversalAppUITests.framework; sourceTree = BUILT_PRODUCTS_DIR; };
		AEDC547ABC65E0F2662DC7D3 /* Pods_MyUniversalApp.framework */ = {isa = PBXFileReference; explicitFileType = wrapper.framework; includeInIndex = 0; path = Pods_MyUniversalApp.framework; sourceTree = BUILT_PRODUCTS_DIR; };
		D304CEDA6D2E30617224CFF2 /* Pods-MyUniversalApp.release.xcconfig */ = {isa = PBXFileReference; includeInIndex = 1; lastKnownFileType = text.xcconfig; name = "Pods-MyUniversalApp.release.xcconfig"; path = "Target Support Files/Pods-MyUniversalApp/Pods-MyUniversalApp.release.xcconfig"; sourceTree = "<group>"; };
		FE26A4E354880094D1B67D47 /* Pods-MyUniversalAppTests.release.xcconfig */ = {isa = PBXFileReference; includeInIndex = 1; lastKnownFileType = text.xcconfig; name = "Pods-MyUniversalAppTests.release.xcconfig"; path = "Target Support Files/Pods-MyUniversalAppTests/Pods-MyUniversalAppTests.release.xcconfig"; sourceTree = "<group>"; };
/* End PBXFileReference section */

/* Begin PBXFrameworksBuildPhase section */
		4660EDFF23D563060095D97E /* Frameworks */ = {
			isa = PBXFrameworksBuildPhase;
			buildActionMask = 2147483647;
			files = (
				2D407679222F3F75D67851D4 /* Pods_MyUniversalApp.framework in Frameworks */,
			);
			runOnlyForDeploymentPostprocessing = 0;
		};
		4660EE1323D563070095D97E /* Frameworks */ = {
			isa = PBXFrameworksBuildPhase;
			buildActionMask = 2147483647;
			files = (
				29DCA6CCC0863D952BFC9350 /* Pods_MyUniversalAppTests.framework in Frameworks */,
			);
			runOnlyForDeploymentPostprocessing = 0;
		};
		4660EE1E23D563080095D97E /* Frameworks */ = {
			isa = PBXFrameworksBuildPhase;
			buildActionMask = 2147483647;
			files = (
				09500613FC39B73C68FA8433 /* Pods_MyUniversalApp_MyUniversalAppUITests.framework in Frameworks */,
			);
			runOnlyForDeploymentPostprocessing = 0;
		};
/* End PBXFrameworksBuildPhase section */

/* Begin PBXGroup section */
		4660EDF923D563060095D97E = {
			isa = PBXGroup;
			children = (
				4660EE0423D563060095D97E /* MyUniversalApp */,
				4660EE1923D563070095D97E /* MyUniversalAppTests */,
				4660EE2423D563080095D97E /* MyUniversalAppUITests */,
				4660EE0323D563060095D97E /* Products */,
				8172FDEF6D3B09A710F6E3F9 /* Pods */,
				F15105FFE1ACF50D1EE2A32A /* Frameworks */,
			);
			sourceTree = "<group>";
		};
		4660EE0323D563060095D97E /* Products */ = {
			isa = PBXGroup;
			children = (
				4660EE0223D563060095D97E /* MyUniversalApp.app */,
				4660EE1623D563070095D97E /* MyUniversalAppTests.xctest */,
				4660EE2123D563080095D97E /* MyUniversalAppUITests.xctest */,
			);
			name = Products;
			sourceTree = "<group>";
		};
		4660EE0423D563060095D97E /* MyUniversalApp */ = {
			isa = PBXGroup;
			children = (
				4660EE0523D563060095D97E /* AppDelegate.swift */,
				4660EE0723D563060095D97E /* ViewController.swift */,
				4660EE0923D563060095D97E /* Main.storyboard */,
				4660EE0C23D563070095D97E /* Assets.xcassets */,
				4660EE0E23D563070095D97E /* LaunchScreen.storyboard */,
				4660EE1123D563070095D97E /* Info.plist */,
			);
			path = MyUniversalApp;
			sourceTree = "<group>";
		};
		4660EE1923D563070095D97E /* MyUniversalAppTests */ = {
			isa = PBXGroup;
			children = (
				4660EE1A23D563070095D97E /* MyUniversalAppTests.swift */,
				4660EE1C23D563080095D97E /* Info.plist */,
			);
			path = MyUniversalAppTests;
			sourceTree = "<group>";
		};
		4660EE2423D563080095D97E /* MyUniversalAppUITests */ = {
			isa = PBXGroup;
			children = (
				4660EE2523D563080095D97E /* MyUniversalAppUITests.swift */,
				4660EE2723D563080095D97E /* Info.plist */,
			);
			path = MyUniversalAppUITests;
			sourceTree = "<group>";
		};
		8172FDEF6D3B09A710F6E3F9 /* Pods */ = {
			isa = PBXGroup;
			children = (
				884109DB9C8EDA33EB5A81DE /* Pods-MyUniversalApp.debug.xcconfig */,
				D304CEDA6D2E30617224CFF2 /* Pods-MyUniversalApp.release.xcconfig */,
				1360B3A6C133F6CC116E9F2D /* Pods-MyUniversalApp-MyUniversalAppUITests.debug.xcconfig */,
				84552A89617D71A623654DDD /* Pods-MyUniversalApp-MyUniversalAppUITests.release.xcconfig */,
				2D34461FFA14740C189C0267 /* Pods-MyUniversalAppTests.debug.xcconfig */,
				FE26A4E354880094D1B67D47 /* Pods-MyUniversalAppTests.release.xcconfig */,
			);
			name = Pods;
			path = Pods;
			sourceTree = "<group>";
		};
		F15105FFE1ACF50D1EE2A32A /* Frameworks */ = {
			isa = PBXGroup;
			children = (
				AEDC547ABC65E0F2662DC7D3 /* Pods_MyUniversalApp.framework */,
				AB7489D58835B4B3506C9452 /* Pods_MyUniversalApp_MyUniversalAppUITests.framework */,
				05D3FF2C34EF1FCBDED8D447 /* Pods_MyUniversalAppTests.framework */,
			);
			name = Frameworks;
			sourceTree = "<group>";
		};
/* End PBXGroup section */

/* Begin PBXNativeTarget section */
		4660EE0123D563060095D97E /* MyUniversalApp */ = {
			isa = PBXNativeTarget;
			buildConfigurationList = 4660EE2A23D563080095D97E /* Build configuration list for PBXNativeTarget "MyUniversalApp" */;
			buildPhases = (
				7B801C8481E95AC09BB4B603 /* [CP] Check Pods Manifest.lock */,
				4660EDFE23D563060095D97E /* Sources */,
				4660EDFF23D563060095D97E /* Frameworks */,
				4660EE0023D563060095D97E /* Resources */,
				7FE76A0993F1D45CA40366A5 /* [CP] Embed Pods Frameworks */,
			);
			buildRules = (
			);
			dependencies = (
			);
			name = MyUniversalApp;
			productName = MyUniversalApp;
			productReference = 4660EE0223D563060095D97E /* MyUniversalApp.app */;
			productType = "com.apple.product-type.application";
		};
		4660EE1523D563070095D97E /* MyUniversalAppTests */ = {
			isa = PBXNativeTarget;
			buildConfigurationList = 4660EE2D23D563080095D97E /* Build configuration list for PBXNativeTarget "MyUniversalAppTests" */;
			buildPhases = (
				C2217CA8286828277545C760 /* [CP] Check Pods Manifest.lock */,
				4660EE1223D563070095D97E /* Sources */,
				4660EE1323D563070095D97E /* Frameworks */,
				4660EE1423D563070095D97E /* Resources */,
			);
			buildRules = (
			);
			dependencies = (
				4660EE1823D563070095D97E /* PBXTargetDependency */,
			);
			name = MyUniversalAppTests;
			productName = MyUniversalAppTests;
			productReference = 4660EE1623D563070095D97E /* MyUniversalAppTests.xctest */;
			productType = "com.apple.product-type.bundle.unit-test";
		};
		4660EE2023D563080095D97E /* MyUniversalAppUITests */ = {
			isa = PBXNativeTarget;
			buildConfigurationList = 4660EE3023D563080095D97E /* Build configuration list for PBXNativeTarget "MyUniversalAppUITests" */;
			buildPhases = (
				76105915B53DCF26AA664DC2 /* [CP] Check Pods Manifest.lock */,
				4660EE1D23D563080095D97E /* Sources */,
				4660EE1E23D563080095D97E /* Frameworks */,
				4660EE1F23D563080095D97E /* Resources */,
				4781A2FBACE0B756DE252778 /* [CP] Embed Pods Frameworks */,
			);
			buildRules = (
			);
			dependencies = (
				4660EE2323D563080095D97E /* PBXTargetDependency */,
			);
			name = MyUniversalAppUITests;
			productName = MyUniversalAppUITests;
			productReference = 4660EE2123D563080095D97E /* MyUniversalAppUITests.xctest */;
			productType = "com.apple.product-type.bundle.ui-testing";
		};
/* End PBXNativeTarget section */

/* Begin PBXProject section */
		4660EDFA23D563060095D97E /* Project object */ = {
			isa = PBXProject;
			attributes = {
				LastSwiftUpdateCheck = 1010;
				LastUpgradeCheck = 1010;
				ORGANIZATIONNAME = arati.panigrahi;
				TargetAttributes = {
					4660EE0123D563060095D97E = {
						CreatedOnToolsVersion = 10.1;
					};
					4660EE1523D563070095D97E = {
						CreatedOnToolsVersion = 10.1;
						TestTargetID = 4660EE0123D563060095D97E;
					};
					4660EE2023D563080095D97E = {
						CreatedOnToolsVersion = 10.1;
						TestTargetID = 4660EE0123D563060095D97E;
					};
				};
			};
			buildConfigurationList = 4660EDFD23D563060095D97E /* Build configuration list for PBXProject "MyUniversalApp" */;
			compatibilityVersion = "Xcode 9.3";
			developmentRegion = en;
			hasScannedForEncodings = 0;
			knownRegions = (
				en,
				Base,
			);
			mainGroup = 4660EDF923D563060095D97E;
			productRefGroup = 4660EE0323D563060095D97E /* Products */;
			projectDirPath = "";
			projectRoot = "";
			targets = (
				4660EE0123D563060095D97E /* MyUniversalApp */,
				4660EE1523D563070095D97E /* MyUniversalAppTests */,
				4660EE2023D563080095D97E /* MyUniversalAppUITests */,
			);
		};
/* End PBXProject section */

/* Begin PBXResourcesBuildPhase section */
		4660EE0023D563060095D97E /* Resources */ = {
			isa = PBXResourcesBuildPhase;
			buildActionMask = 2147483647;
			files = (
				4660EE1023D563070095D97E /* LaunchScreen.storyboard in Resources */,
				4660EE0D23D563070095D97E /* Assets.xcassets in Resources */,
				4660EE0B23D563060095D97E /* Main.storyboard in Resources */,
			);
			runOnlyForDeploymentPostprocessing = 0;
		};
		4660EE1423D563070095D97E /* Resources */ = {
			isa = PBXResourcesBuildPhase;
			buildActionMask = 2147483647;
			files = (
			);
			runOnlyForDeploymentPostprocessing = 0;
		};
		4660EE1F23D563080095D97E /* Resources */ = {
			isa = PBXResourcesBuildPhase;
			buildActionMask = 2147483647;
			files = (
			);
			runOnlyForDeploymentPostprocessing = 0;
		};
/* End PBXResourcesBuildPhase section */

/* Begin PBXShellScriptBuildPhase section */
		4781A2FBACE0B756DE252778 /* [CP] Embed Pods Frameworks */ = {
			isa = PBXShellScriptBuildPhase;
			buildActionMask = 2147483647;
			files = (
			);
			inputFileListPaths = (
				"${PODS_ROOT}/Target Support Files/Pods-MyUniversalApp-MyUniversalAppUITests/Pods-MyUniversalApp-MyUniversalAppUITests-frameworks-${CONFIGURATION}-input-files.xcfilelist",
			);
			name = "[CP] Embed Pods Frameworks";
			outputFileListPaths = (
				"${PODS_ROOT}/Target Support Files/Pods-MyUniversalApp-MyUniversalAppUITests/Pods-MyUniversalApp-MyUniversalAppUITests-frameworks-${CONFIGURATION}-output-files.xcfilelist",
			);
			runOnlyForDeploymentPostprocessing = 0;
			shellPath = /bin/sh;
			shellScript = "\"${PODS_ROOT}/Target Support Files/Pods-MyUniversalApp-MyUniversalAppUITests/Pods-MyUniversalApp-MyUniversalAppUITests-frameworks.sh\"\n";
			showEnvVarsInLog = 0;
		};
		76105915B53DCF26AA664DC2 /* [CP] Check Pods Manifest.lock */ = {
			isa = PBXShellScriptBuildPhase;
			buildActionMask = 2147483647;
			files = (
			);
			inputFileListPaths = (
			);
			inputPaths = (
				"${PODS_PODFILE_DIR_PATH}/Podfile.lock",
				"${PODS_ROOT}/Manifest.lock",
			);
			name = "[CP] Check Pods Manifest.lock";
			outputFileListPaths = (
			);
			outputPaths = (
				"$(DERIVED_FILE_DIR)/Pods-MyUniversalApp-MyUniversalAppUITests-checkManifestLockResult.txt",
			);
			runOnlyForDeploymentPostprocessing = 0;
			shellPath = /bin/sh;
			shellScript = "diff \"${PODS_PODFILE_DIR_PATH}/Podfile.lock\" \"${PODS_ROOT}/Manifest.lock\" > /dev/null\nif [ $? != 0 ] ; then\n    # print error to STDERR\n    echo \"error: The sandbox is not in sync with the Podfile.lock. Run 'pod install' or update your CocoaPods installation.\" >&2\n    exit 1\nfi\n# This output is used by Xcode 'outputs' to avoid re-running this script phase.\necho \"SUCCESS\" > \"${SCRIPT_OUTPUT_FILE_0}\"\n";
			showEnvVarsInLog = 0;
		};
		7B801C8481E95AC09BB4B603 /* [CP] Check Pods Manifest.lock */ = {
			isa = PBXShellScriptBuildPhase;
			buildActionMask = 2147483647;
			files = (
			);
			inputFileListPaths = (
			);
			inputPaths = (
				"${PODS_PODFILE_DIR_PATH}/Podfile.lock",
				"${PODS_ROOT}/Manifest.lock",
			);
			name = "[CP] Check Pods Manifest.lock";
			outputFileListPaths = (
			);
			outputPaths = (
				"$(DERIVED_FILE_DIR)/Pods-MyUniversalApp-checkManifestLockResult.txt",
			);
			runOnlyForDeploymentPostprocessing = 0;
			shellPath = /bin/sh;
			shellScript = "diff \"${PODS_PODFILE_DIR_PATH}/Podfile.lock\" \"${PODS_ROOT}/Manifest.lock\" > /dev/null\nif [ $? != 0 ] ; then\n    # print error to STDERR\n    echo \"error: The sandbox is not in sync with the Podfile.lock. Run 'pod install' or update your CocoaPods installation.\" >&2\n    exit 1\nfi\n# This output is used by Xcode 'outputs' to avoid re-running this script phase.\necho \"SUCCESS\" > \"${SCRIPT_OUTPUT_FILE_0}\"\n";
			showEnvVarsInLog = 0;
		};
		7FE76A0993F1D45CA40366A5 /* [CP] Embed Pods Frameworks */ = {
			isa = PBXShellScriptBuildPhase;
			buildActionMask = 2147483647;
			files = (
			);
			inputFileListPaths = (
				"${PODS_ROOT}/Target Support Files/Pods-MyUniversalApp/Pods-MyUniversalApp-frameworks-${CONFIGURATION}-input-files.xcfilelist",
			);
			name = "[CP] Embed Pods Frameworks";
			outputFileListPaths = (
				"${PODS_ROOT}/Target Support Files/Pods-MyUniversalApp/Pods-MyUniversalApp-frameworks-${CONFIGURATION}-output-files.xcfilelist",
			);
			runOnlyForDeploymentPostprocessing = 0;
			shellPath = /bin/sh;
			shellScript = "\"${PODS_ROOT}/Target Support Files/Pods-MyUniversalApp/Pods-MyUniversalApp-frameworks.sh\"\n";
			showEnvVarsInLog = 0;
		};
		C2217CA8286828277545C760 /* [CP] Check Pods Manifest.lock */ = {
			isa = PBXShellScriptBuildPhase;
			buildActionMask = 2147483647;
			files = (
			);
			inputFileListPaths = (
			);
			inputPaths = (
				"${PODS_PODFILE_DIR_PATH}/Podfile.lock",
				"${PODS_ROOT}/Manifest.lock",
			);
			name = "[CP] Check Pods Manifest.lock";
			outputFileListPaths = (
			);
			outputPaths = (
				"$(DERIVED_FILE_DIR)/Pods-MyUniversalAppTests-checkManifestLockResult.txt",
			);
			runOnlyForDeploymentPostprocessing = 0;
			shellPath = /bin/sh;
			shellScript = "diff \"${PODS_PODFILE_DIR_PATH}/Podfile.lock\" \"${PODS_ROOT}/Manifest.lock\" > /dev/null\nif [ $? != 0 ] ; then\n    # print error to STDERR\n    echo \"error: The sandbox is not in sync with the Podfile.lock. Run 'pod install' or update your CocoaPods installation.\" >&2\n    exit 1\nfi\n# This output is used by Xcode 'outputs' to avoid re-running this script phase.\necho \"SUCCESS\" > \"${SCRIPT_OUTPUT_FILE_0}\"\n";
			showEnvVarsInLog = 0;
		};
/* End PBXShellScriptBuildPhase section */

/* Begin PBXSourcesBuildPhase section */
		4660EDFE23D563060095D97E /* Sources */ = {
			isa = PBXSourcesBuildPhase;
			buildActionMask = 2147483647;
			files = (
				4660EE0823D563060095D97E /* ViewController.swift in Sources */,
				4660EE0623D563060095D97E /* AppDelegate.swift in Sources */,
			);
			runOnlyForDeploymentPostprocessing = 0;
		};
		4660EE1223D563070095D97E /* Sources */ = {
			isa = PBXSourcesBuildPhase;
			buildActionMask = 2147483647;
			files = (
				4660EE1B23D563070095D97E /* MyUniversalAppTests.swift in Sources */,
			);
			runOnlyForDeploymentPostprocessing = 0;
		};
		4660EE1D23D563080095D97E /* Sources */ = {
			isa = PBXSourcesBuildPhase;
			buildActionMask = 2147483647;
			files = (
				4660EE2623D563080095D97E /* MyUniversalAppUITests.swift in Sources */,
			);
			runOnlyForDeploymentPostprocessing = 0;
		};
/* End PBXSourcesBuildPhase section */

/* Begin PBXTargetDependency section */
		4660EE1823D563070095D97E /* PBXTargetDependency */ = {
			isa = PBXTargetDependency;
			target = 4660EE0123D563060095D97E /* MyUniversalApp */;
			targetProxy = 4660EE1723D563070095D97E /* PBXContainerItemProxy */;
		};
		4660EE2323D563080095D97E /* PBXTargetDependency */ = {
			isa = PBXTargetDependency;
			target = 4660EE0123D563060095D97E /* MyUniversalApp */;
			targetProxy = 4660EE2223D563080095D97E /* PBXContainerItemProxy */;
		};
/* End PBXTargetDependency section */

/* Begin PBXVariantGroup section */
		4660EE0923D563060095D97E /* Main.storyboard */ = {
			isa = PBXVariantGroup;
			children = (
				4660EE0A23D563060095D97E /* Base */,
			);
			name = Main.storyboard;
			sourceTree = "<group>";
		};
		4660EE0E23D563070095D97E /* LaunchScreen.storyboard */ = {
			isa = PBXVariantGroup;
			children = (
				4660EE0F23D563070095D97E /* Base */,
			);
			name = LaunchScreen.storyboard;
			sourceTree = "<group>";
		};
/* End PBXVariantGroup section */

/* Begin XCBuildConfiguration section */
		4660EE2823D563080095D97E /* Debug */ = {
			isa = XCBuildConfiguration;
			buildSettings = {
				ALWAYS_SEARCH_USER_PATHS = NO;
				CLANG_ANALYZER_NONNULL = YES;
				CLANG_ANALYZER_NUMBER_OBJECT_CONVERSION = YES_AGGRESSIVE;
				CLANG_CXX_LANGUAGE_STANDARD = "gnu++14";
				CLANG_CXX_LIBRARY = "libc++";
				CLANG_ENABLE_MODULES = YES;
				CLANG_ENABLE_OBJC_ARC = YES;
				CLANG_ENABLE_OBJC_WEAK = YES;
				CLANG_WARN_BLOCK_CAPTURE_AUTORELEASING = YES;
				CLANG_WARN_BOOL_CONVERSION = YES;
				CLANG_WARN_COMMA = YES;
				CLANG_WARN_CONSTANT_CONVERSION = YES;
				CLANG_WARN_DEPRECATED_OBJC_IMPLEMENTATIONS = YES;
				CLANG_WARN_DIRECT_OBJC_ISA_USAGE = YES_ERROR;
				CLANG_WARN_DOCUMENTATION_COMMENTS = YES;
				CLANG_WARN_EMPTY_BODY = YES;
				CLANG_WARN_ENUM_CONVERSION = YES;
				CLANG_WARN_INFINITE_RECURSION = YES;
				CLANG_WARN_INT_CONVERSION = YES;
				CLANG_WARN_NON_LITERAL_NULL_CONVERSION = YES;
				CLANG_WARN_OBJC_IMPLICIT_RETAIN_SELF = YES;
				CLANG_WARN_OBJC_LITERAL_CONVERSION = YES;
				CLANG_WARN_OBJC_ROOT_CLASS = YES_ERROR;
				CLANG_WARN_RANGE_LOOP_ANALYSIS = YES;
				CLANG_WARN_STRICT_PROTOTYPES = YES;
				CLANG_WARN_SUSPICIOUS_MOVE = YES;
				CLANG_WARN_UNGUARDED_AVAILABILITY = YES_AGGRESSIVE;
				CLANG_WARN_UNREACHABLE_CODE = YES;
				CLANG_WARN__DUPLICATE_METHOD_MATCH = YES;
				CODE_SIGN_IDENTITY = "iPhone Developer";
				COPY_PHASE_STRIP = NO;
				DEBUG_INFORMATION_FORMAT = dwarf;
				ENABLE_STRICT_OBJC_MSGSEND = YES;
				ENABLE_TESTABILITY = YES;
				GCC_C_LANGUAGE_STANDARD = gnu11;
				GCC_DYNAMIC_NO_PIC = NO;
				GCC_NO_COMMON_BLOCKS = YES;
				GCC_OPTIMIZATION_LEVEL = 0;
				GCC_PREPROCESSOR_DEFINITIONS = (
					"DEBUG=1",
					"$(inherited)",
				);
				GCC_WARN_64_TO_32_BIT_CONVERSION = YES;
				GCC_WARN_ABOUT_RETURN_TYPE = YES_ERROR;
				GCC_WARN_UNDECLARED_SELECTOR = YES;
				GCC_WARN_UNINITIALIZED_AUTOS = YES_AGGRESSIVE;
				GCC_WARN_UNUSED_FUNCTION = YES;
				GCC_WARN_UNUSED_VARIABLE = YES;
				IPHONEOS_DEPLOYMENT_TARGET = 12.1;
				MTL_ENABLE_DEBUG_INFO = INCLUDE_SOURCE;
				MTL_FAST_MATH = YES;
				ONLY_ACTIVE_ARCH = YES;
				SDKROOT = iphoneos;
				SWIFT_ACTIVE_COMPILATION_CONDITIONS = DEBUG;
				SWIFT_OPTIMIZATION_LEVEL = "-Onone";
			};
			name = Debug;
		};
		4660EE2923D563080095D97E /* Release */ = {
			isa = XCBuildConfiguration;
			buildSettings = {
				ALWAYS_SEARCH_USER_PATHS = NO;
				CLANG_ANALYZER_NONNULL = YES;
				CLANG_ANALYZER_NUMBER_OBJECT_CONVERSION = YES_AGGRESSIVE;
				CLANG_CXX_LANGUAGE_STANDARD = "gnu++14";
				CLANG_CXX_LIBRARY = "libc++";
				CLANG_ENABLE_MODULES = YES;
				CLANG_ENABLE_OBJC_ARC = YES;
				CLANG_ENABLE_OBJC_WEAK = YES;
				CLANG_WARN_BLOCK_CAPTURE_AUTORELEASING = YES;
				CLANG_WARN_BOOL_CONVERSION = YES;
				CLANG_WARN_COMMA = YES;
				CLANG_WARN_CONSTANT_CONVERSION = YES;
				CLANG_WARN_DEPRECATED_OBJC_IMPLEMENTATIONS = YES;
				CLANG_WARN_DIRECT_OBJC_ISA_USAGE = YES_ERROR;
				CLANG_WARN_DOCUMENTATION_COMMENTS = YES;
				CLANG_WARN_EMPTY_BODY = YES;
				CLANG_WARN_ENUM_CONVERSION = YES;
				CLANG_WARN_INFINITE_RECURSION = YES;
				CLANG_WARN_INT_CONVERSION = YES;
				CLANG_WARN_NON_LITERAL_NULL_CONVERSION = YES;
				CLANG_WARN_OBJC_IMPLICIT_RETAIN_SELF = YES;
				CLANG_WARN_OBJC_LITERAL_CONVERSION = YES;
				CLANG_WARN_OBJC_ROOT_CLASS = YES_ERROR;
				CLANG_WARN_RANGE_LOOP_ANALYSIS = YES;
				CLANG_WARN_STRICT_PROTOTYPES = YES;
				CLANG_WARN_SUSPICIOUS_MOVE = YES;
				CLANG_WARN_UNGUARDED_AVAILABILITY = YES_AGGRESSIVE;
				CLANG_WARN_UNREACHABLE_CODE = YES;
				CLANG_WARN__DUPLICATE_METHOD_MATCH = YES;
				CODE_SIGN_IDENTITY = "iPhone Developer";
				COPY_PHASE_STRIP = NO;
				DEBUG_INFORMATION_FORMAT = "dwarf-with-dsym";
				ENABLE_NS_ASSERTIONS = NO;
				ENABLE_STRICT_OBJC_MSGSEND = YES;
				GCC_C_LANGUAGE_STANDARD = gnu11;
				GCC_NO_COMMON_BLOCKS = YES;
				GCC_WARN_64_TO_32_BIT_CONVERSION = YES;
				GCC_WARN_ABOUT_RETURN_TYPE = YES_ERROR;
				GCC_WARN_UNDECLARED_SELECTOR = YES;
				GCC_WARN_UNINITIALIZED_AUTOS = YES_AGGRESSIVE;
				GCC_WARN_UNUSED_FUNCTION = YES;
				GCC_WARN_UNUSED_VARIABLE = YES;
				IPHONEOS_DEPLOYMENT_TARGET = 12.1;
				MTL_ENABLE_DEBUG_INFO = NO;
				MTL_FAST_MATH = YES;
				SDKROOT = iphoneos;
				SWIFT_COMPILATION_MODE = wholemodule;
				SWIFT_OPTIMIZATION_LEVEL = "-O";
				VALIDATE_PRODUCT = YES;
			};
			name = Release;
		};
		4660EE2B23D563080095D97E /* Debug */ = {
			isa = XCBuildConfiguration;
			baseConfigurationReference = 884109DB9C8EDA33EB5A81DE /* Pods-MyUniversalApp.debug.xcconfig */;
			buildSettings = {
				ASSETCATALOG_COMPILER_APPICON_NAME = AppIcon;
				CODE_SIGN_STYLE = Automatic;
				INFOPLIST_FILE = MyUniversalApp/Info.plist;
				LD_RUNPATH_SEARCH_PATHS = (
					"$(inherited)",
					"@executable_path/Frameworks",
				);
				PRODUCT_BUNDLE_IDENTIFIER = acc.MyUniversalApp;
				PRODUCT_NAME = "$(TARGET_NAME)";
				SWIFT_VERSION = 4.2;
				TARGETED_DEVICE_FAMILY = "1,2";
			};
			name = Debug;
		};
		4660EE2C23D563080095D97E /* Release */ = {
			isa = XCBuildConfiguration;
			baseConfigurationReference = D304CEDA6D2E30617224CFF2 /* Pods-MyUniversalApp.release.xcconfig */;
			buildSettings = {
				ASSETCATALOG_COMPILER_APPICON_NAME = AppIcon;
				CODE_SIGN_STYLE = Automatic;
				INFOPLIST_FILE = MyUniversalApp/Info.plist;
				LD_RUNPATH_SEARCH_PATHS = (
					"$(inherited)",
					"@executable_path/Frameworks",
				);
				PRODUCT_BUNDLE_IDENTIFIER = acc.MyUniversalApp;
				PRODUCT_NAME = "$(TARGET_NAME)";
				SWIFT_VERSION = 4.2;
				TARGETED_DEVICE_FAMILY = "1,2";
			};
			name = Release;
		};
		4660EE2E23D563080095D97E /* Debug */ = {
			isa = XCBuildConfiguration;
			baseConfigurationReference = 2D34461FFA14740C189C0267 /* Pods-MyUniversalAppTests.debug.xcconfig */;
			buildSettings = {
				ALWAYS_EMBED_SWIFT_STANDARD_LIBRARIES = YES;
				BUNDLE_LOADER = "$(TEST_HOST)";
				CODE_SIGN_STYLE = Automatic;
				INFOPLIST_FILE = MyUniversalAppTests/Info.plist;
				LD_RUNPATH_SEARCH_PATHS = (
					"$(inherited)",
					"@executable_path/Frameworks",
					"@loader_path/Frameworks",
				);
				PRODUCT_BUNDLE_IDENTIFIER = acc.MyUniversalAppTests;
				PRODUCT_NAME = "$(TARGET_NAME)";
				SWIFT_VERSION = 4.2;
				TARGETED_DEVICE_FAMILY = "1,2";
				TEST_HOST = "$(BUILT_PRODUCTS_DIR)/MyUniversalApp.app/MyUniversalApp";
			};
			name = Debug;
		};
		4660EE2F23D563080095D97E /* Release */ = {
			isa = XCBuildConfiguration;
			baseConfigurationReference = FE26A4E354880094D1B67D47 /* Pods-MyUniversalAppTests.release.xcconfig */;
			buildSettings = {
				ALWAYS_EMBED_SWIFT_STANDARD_LIBRARIES = YES;
				BUNDLE_LOADER = "$(TEST_HOST)";
				CODE_SIGN_STYLE = Automatic;
				INFOPLIST_FILE = MyUniversalAppTests/Info.plist;
				LD_RUNPATH_SEARCH_PATHS = (
					"$(inherited)",
					"@executable_path/Frameworks",
					"@loader_path/Frameworks",
				);
				PRODUCT_BUNDLE_IDENTIFIER = acc.MyUniversalAppTests;
				PRODUCT_NAME = "$(TARGET_NAME)";
				SWIFT_VERSION = 4.2;
				TARGETED_DEVICE_FAMILY = "1,2";
				TEST_HOST = "$(BUILT_PRODUCTS_DIR)/MyUniversalApp.app/MyUniversalApp";
			};
			name = Release;
		};
		4660EE3123D563080095D97E /* Debug */ = {
			isa = XCBuildConfiguration;
			baseConfigurationReference = 1360B3A6C133F6CC116E9F2D /* Pods-MyUniversalApp-MyUniversalAppUITests.debug.xcconfig */;
			buildSettings = {
				ALWAYS_EMBED_SWIFT_STANDARD_LIBRARIES = YES;
				CODE_SIGN_STYLE = Automatic;
				INFOPLIST_FILE = MyUniversalAppUITests/Info.plist;
				LD_RUNPATH_SEARCH_PATHS = (
					"$(inherited)",
					"@executable_path/Frameworks",
					"@loader_path/Frameworks",
				);
				PRODUCT_BUNDLE_IDENTIFIER = acc.MyUniversalAppUITests;
				PRODUCT_NAME = "$(TARGET_NAME)";
				SWIFT_VERSION = 4.2;
				TARGETED_DEVICE_FAMILY = "1,2";
				TEST_TARGET_NAME = MyUniversalApp;
			};
			name = Debug;
		};
		4660EE3223D563080095D97E /* Release */ = {
			isa = XCBuildConfiguration;
			baseConfigurationReference = 84552A89617D71A623654DDD /* Pods-MyUniversalApp-MyUniversalAppUITests.release.xcconfig */;
			buildSettings = {
				ALWAYS_EMBED_SWIFT_STANDARD_LIBRARIES = YES;
				CODE_SIGN_STYLE = Automatic;
				INFOPLIST_FILE = MyUniversalAppUITests/Info.plist;
				LD_RUNPATH_SEARCH_PATHS = (
					"$(inherited)",
					"@executable_path/Frameworks",
					"@loader_path/Frameworks",
				);
				PRODUCT_BUNDLE_IDENTIFIER = acc.MyUniversalAppUITests;
				PRODUCT_NAME = "$(TARGET_NAME)";
				SWIFT_VERSION = 4.2;
				TARGETED_DEVICE_FAMILY = "1,2";
				TEST_TARGET_NAME = MyUniversalApp;
			};
			name = Release;
		};
/* End XCBuildConfiguration section */

/* Begin XCConfigurationList section */
		4660EDFD23D563060095D97E /* Build configuration list for PBXProject "MyUniversalApp" */ = {
			isa = XCConfigurationList;
			buildConfigurations = (
				4660EE2823D563080095D97E /* Debug */,
				4660EE2923D563080095D97E /* Release */,
			);
			defaultConfigurationIsVisible = 0;
			defaultConfigurationName = Release;
		};
		4660EE2A23D563080095D97E /* Build configuration list for PBXNativeTarget "MyUniversalApp" */ = {
			isa = XCConfigurationList;
			buildConfigurations = (
				4660EE2B23D563080095D97E /* Debug */,
				4660EE2C23D563080095D97E /* Release */,
			);
			defaultConfigurationIsVisible = 0;
			defaultConfigurationName = Release;
		};
		4660EE2D23D563080095D97E /* Build configuration list for PBXNativeTarget "MyUniversalAppTests" */ = {
			isa = XCConfigurationList;
			buildConfigurations = (
				4660EE2E23D563080095D97E /* Debug */,
				4660EE2F23D563080095D97E /* Release */,
			);
			defaultConfigurationIsVisible = 0;
			defaultConfigurationName = Release;
		};
		4660EE3023D563080095D97E /* Build configuration list for PBXNativeTarget "MyUniversalAppUITests" */ = {
			isa = XCConfigurationList;
			buildConfigurations = (
				4660EE3123D563080095D97E /* Debug */,
				4660EE3223D563080095D97E /* Release */,
			);
			defaultConfigurationIsVisible = 0;
			defaultConfigurationName = Release;
		};
/* End XCConfigurationList section */
	};
	rootObject = 4660EDFA23D563060095D97E /* Project object */;
}
